
Microsoft Visual Studio Solution File, Format Version 12.00
# Visual Studio Version 17
VisualStudioVersion = 17.11.35431.28
MinimumVisualStudioVersion = 10.0.40219.1
Project("{FAE04EC0-301F-11D3-BF4B-00C04F79EFBC}") = "NotificationService", "NotificationService\NotificationService.csproj", "{F93DC18C-4485-4F44-9285-3EAD5638A371}"
EndProject
Project("{FAE04EC0-301F-11D3-BF4B-00C04F79EFBC}") = "NotificationService.Application", "NotificationService.Application\NotificationService.Application.csproj", "{AF9D2F9F-24C1-4A16-A054-1FD4645F2FF1}"
EndProject
Project("{FAE04EC0-301F-11D3-BF4B-00C04F79EFBC}") = "NotificationService.Infrastructure", "NotificationService.Infrastructure\NotificationService.Infrastructure.csproj", "{9B049E77-6A33-45CC-B779-1C99FB156119}"
EndProject
Project("{FAE04EC0-301F-11D3-BF4B-00C04F79EFBC}") = "NotificationService.Core", "NotificationService.Core\NotificationService.Core.csproj", "{C1E128B7-FC44-4F63-BFAC-BF6A45C616EC}"
EndProject
Global
	GlobalSection(SolutionConfigurationPlatforms) = preSolution
		Debug|Any CPU = Debug|Any CPU
		Release|Any CPU = Release|Any CPU
	EndGlobalSection
	GlobalSection(ProjectConfigurationPlatforms) = postSolution
		{F93DC18C-4485-4F44-9285-3EAD5638A371}.Debug|Any CPU.ActiveCfg = Debug|Any CPU
		{F93DC18C-4485-4F44-9285-3EAD5638A371}.Debug|Any CPU.Build.0 = Debug|Any CPU
		{F93DC18C-4485-4F44-9285-3EAD5638A371}.Release|Any CPU.ActiveCfg = Release|Any CPU
		{F93DC18C-4485-4F44-9285-3EAD5638A371}.Release|Any CPU.Build.0 = Release|Any CPU
		{AF9D2F9F-24C1-4A16-A054-1FD4645F2FF1}.Debug|Any CPU.ActiveCfg = Debug|Any CPU
		{AF9D2F9F-24C1-4A16-A054-1FD4645F2FF1}.Debug|Any CPU.Build.0 = Debug|Any CPU
		{AF9D2F9F-24C1-4A16-A054-1FD4645F2FF1}.Release|Any CPU.ActiveCfg = Release|Any CPU
		{AF9D2F9F-24C1-4A16-A054-1FD4645F2FF1}.Release|Any CPU.Build.0 = Release|Any CPU
		{9B049E77-6A33-45CC-B779-1C99FB156119}.Debug|Any CPU.ActiveCfg = Debug|Any CPU
		{9B049E77-6A33-45CC-B779-1C99FB156119}.Debug|Any CPU.Build.0 = Debug|Any CPU
		{9B049E77-6A33-45CC-B779-1C99FB156119}.Release|Any CPU.ActiveCfg = Release|Any CPU
		{9B049E77-6A33-45CC-B779-1C99FB156119}.Release|Any CPU.Build.0 = Release|Any CPU
		{C1E128B7-FC44-4F63-BFAC-BF6A45C616EC}.Debug|Any CPU.ActiveCfg = Debug|Any CPU
		{C1E128B7-FC44-4F63-BFAC-BF6A45C616EC}.Debug|Any CPU.Build.0 = Debug|Any CPU
		{C1E128B7-FC44-4F63-BFAC-BF6A45C616EC}.Release|Any CPU.ActiveCfg = Release|Any CPU
		{C1E128B7-FC44-4F63-BFAC-BF6A45C616EC}.Release|Any CPU.Build.0 = Release|Any CPU
	EndGlobalSection
	GlobalSection(SolutionProperties) = preSolution
		HideSolutionNode = FALSE
	EndGlobalSection
	GlobalSection(ExtensibilityGlobals) = postSolution
		SolutionGuid = {319A2F24-E95C-4050-8158-0B28B21FB1C1}
	EndGlobalSection
EndGlobal
